
Microsoft Visual Studio Solution File, Format Version 12.00
# Visual Studio Version 17
VisualStudioVersion = 17.14.36511.14
MinimumVisualStudioVersion = 10.0.40219.1
Project("{FAE04EC0-301F-11D3-BF4B-00C04F79EFBC}") = "IgameToolsWinForms", "IgameToolsWinForms.csproj", "{5D52F615-94C0-F8F9-FB88-2D0CB10A2E60}"
EndProject
Global
	GlobalSection(SolutionConfigurationPlatforms) = preSolution
		Debug|Any CPU = Debug|Any CPU
		Debug|x64 = Debug|x64
		Debug|x86 = Debug|x86
		Release|Any CPU = Release|Any CPU
		Release|x64 = Release|x64
		Release|x86 = Release|x86
	EndGlobalSection
	GlobalSection(ProjectConfigurationPlatforms) = postSolution
		{5D52F615-94C0-F8F9-FB88-2D0CB10A2E60}.Debug|Any CPU.ActiveCfg = Debug|Any CPU
		{5D52F615-94C0-F8F9-FB88-2D0CB10A2E60}.Debug|Any CPU.Build.0 = Debug|Any CPU
		{5D52F615-94C0-F8F9-FB88-2D0CB10A2E60}.Debug|x64.ActiveCfg = Debug|Any CPU
		{5D52F615-94C0-F8F9-FB88-2D0CB10A2E60}.Debug|x64.Build.0 = Debug|Any CPU
		{5D52F615-94C0-F8F9-FB88-2D0CB10A2E60}.Debug|x86.ActiveCfg = Debug|Any CPU
		{5D52F615-94C0-F8F9-FB88-2D0CB10A2E60}.Debug|x86.Build.0 = Debug|Any CPU
		{5D52F615-94C0-F8F9-FB88-2D0CB10A2E60}.Release|Any CPU.ActiveCfg = Release|Any CPU
		{5D52F615-94C0-F8F9-FB88-2D0CB10A2E60}.Release|Any CPU.Build.0 = Release|Any CPU
		{5D52F615-94C0-F8F9-FB88-2D0CB10A2E60}.Release|x64.ActiveCfg = Release|Any CPU
		{5D52F615-94C0-F8F9-FB88-2D0CB10A2E60}.Release|x64.Build.0 = Release|Any CPU
		{5D52F615-94C0-F8F9-FB88-2D0CB10A2E60}.Release|x86.ActiveCfg = Release|Any CPU
		{5D52F615-94C0-F8F9-FB88-2D0CB10A2E60}.Release|x86.Build.0 = Release|Any CPU
	EndGlobalSection
	GlobalSection(SolutionProperties) = preSolution
		HideSolutionNode = FALSE
	EndGlobalSection
	GlobalSection(ExtensibilityGlobals) = postSolution
		SolutionGuid = {922574A0-74AC-4FEB-A3CE-C9DED297322A}
	EndGlobalSection
EndGlobal
